{
  "projects": [
    {
      "projectId": "seaQhLVS4bbjiGvJJrRwyL",
      "version": "15.0.3",
      "dependencies": {},
      "lang": "ts",
      "fileLocks": [
        {
          "assetId": "seaQhLVS4bbjiGvJJrRwyL",
          "type": "projectCss",
          "checksum": "85f7ca190f576c5a2499623973afb625"
        }
      ]
    },
    {
      "projectId": "qz8RZNbEpApDh4AbPHEGbs",
      "version": "latest",
      "dependencies": {
        "seaQhLVS4bbjiGvJJrRwyL": "15.0.3"
      },
      "lang": "ts",
      "fileLocks": [
        {
          "type": "globalVariant",
          "assetId": "cUnl2He_iVdlaC",
          "checksum": "52eef11fd5c1021f58c3650bb43a8a62"
        },
        {
          "assetId": "qz8RZNbEpApDh4AbPHEGbs",
          "type": "projectCss",
          "checksum": "03dfb5122b5cbad48dbb5c4fe25052df"
        },
        {
          "type": "renderModule",
          "assetId": "TC3X2fP_G4iWwV",
          "checksum": "47019eac7a72353063bbcddd4d506272"
        },
        {
          "type": "cssRules",
          "assetId": "TC3X2fP_G4iWwV",
          "checksum": "47019eac7a72353063bbcddd4d506272"
        },
        {
          "type": "renderModule",
          "assetId": "p3dZKyTqlfz3uo",
          "checksum": "9d542131a721ea6a7cfb073ecfe4ca66"
        },
        {
          "type": "cssRules",
          "assetId": "p3dZKyTqlfz3uo",
          "checksum": "9d542131a721ea6a7cfb073ecfe4ca66"
        },
        {
          "type": "renderModule",
          "assetId": "_eGqY2jCOfhYgO",
          "checksum": "e86ee2b63cebc2ad8a85532cc9512dba"
        },
        {
          "type": "cssRules",
          "assetId": "_eGqY2jCOfhYgO",
          "checksum": "e86ee2b63cebc2ad8a85532cc9512dba"
        },
        {
          "type": "renderModule",
          "assetId": "jD2vOiCCxRDWBU",
          "checksum": "5e05f7b9c6def98d01d0365d7f2f6ef5"
        },
        {
          "type": "cssRules",
          "assetId": "jD2vOiCCxRDWBU",
          "checksum": "5e05f7b9c6def98d01d0365d7f2f6ef5"
        },
        {
          "type": "renderModule",
          "assetId": "C5PGxwYR786ONF",
          "checksum": "13fe6ce5c0054a650b1a4ff7ebcca519"
        },
        {
          "type": "cssRules",
          "assetId": "C5PGxwYR786ONF",
          "checksum": "13fe6ce5c0054a650b1a4ff7ebcca519"
        },
        {
          "type": "renderModule",
          "assetId": "JQSuKUKYvDIHlu",
          "checksum": "475a8762b172e35f535e68765a1418c8"
        },
        {
          "type": "cssRules",
          "assetId": "JQSuKUKYvDIHlu",
          "checksum": "475a8762b172e35f535e68765a1418c8"
        },
        {
          "type": "renderModule",
          "assetId": "Mnr7gzWjzRaTAZ",
          "checksum": "ba77a8547abcdfad49d2f87aad7c561d"
        },
        {
          "type": "cssRules",
          "assetId": "Mnr7gzWjzRaTAZ",
          "checksum": "ba77a8547abcdfad49d2f87aad7c561d"
        },
        {
          "type": "renderModule",
          "assetId": "6ZlhkOhYrokvL0",
          "checksum": "d166eed2d604aacdd0b0c08615012f4e"
        },
        {
          "type": "cssRules",
          "assetId": "6ZlhkOhYrokvL0",
          "checksum": "d166eed2d604aacdd0b0c08615012f4e"
        },
        {
          "type": "renderModule",
          "assetId": "xWfXiyMYihr2lP",
          "checksum": "a21d64175b314b30c9a837d81fe476cf"
        },
        {
          "type": "cssRules",
          "assetId": "xWfXiyMYihr2lP",
          "checksum": "a21d64175b314b30c9a837d81fe476cf"
        },
        {
          "type": "renderModule",
          "assetId": "luSlPCQot8utWc",
          "checksum": "9a33c0d5bb570683a4cdea6cafa3d99e"
        },
        {
          "type": "cssRules",
          "assetId": "luSlPCQot8utWc",
          "checksum": "9a33c0d5bb570683a4cdea6cafa3d99e"
        },
        {
          "type": "renderModule",
          "assetId": "ivvdyrFou9tZ7o",
          "checksum": "1cdd27cdbae72f788fb6419ab7a29568"
        },
        {
          "type": "cssRules",
          "assetId": "ivvdyrFou9tZ7o",
          "checksum": "1cdd27cdbae72f788fb6419ab7a29568"
        },
        {
          "type": "renderModule",
          "assetId": "6ORV9Fms6YV7jN",
          "checksum": "50502cd89b5f38d655736ba077999e1c"
        },
        {
          "type": "cssRules",
          "assetId": "6ORV9Fms6YV7jN",
          "checksum": "50502cd89b5f38d655736ba077999e1c"
        },
        {
          "type": "renderModule",
          "assetId": "P1MR0Z05n1AV0g",
          "checksum": "a121b63f94e8ea973fbc361cdac6d225"
        },
        {
          "type": "cssRules",
          "assetId": "P1MR0Z05n1AV0g",
          "checksum": "a121b63f94e8ea973fbc361cdac6d225"
        },
        {
          "type": "renderModule",
          "assetId": "2OW-4uCv6unmeU",
          "checksum": "36190394de09153593202a14fdd33c50"
        },
        {
          "type": "cssRules",
          "assetId": "2OW-4uCv6unmeU",
          "checksum": "36190394de09153593202a14fdd33c50"
        },
        {
          "type": "renderModule",
          "assetId": "vNHyFNN70mMBJm",
          "checksum": "e48f70585afe421f6ade6825ea262dcb"
        },
        {
          "type": "cssRules",
          "assetId": "vNHyFNN70mMBJm",
          "checksum": "e48f70585afe421f6ade6825ea262dcb"
        },
        {
          "type": "renderModule",
          "assetId": "FjHfykApdRdzBD",
          "checksum": "fd2af91131fd0f178c243eaa0abfcdf7"
        },
        {
          "type": "cssRules",
          "assetId": "FjHfykApdRdzBD",
          "checksum": "fd2af91131fd0f178c243eaa0abfcdf7"
        },
        {
          "type": "renderModule",
          "assetId": "iO-P49_GXCxkGL",
          "checksum": "036af9e39989ab02f7a06bfdc442902b"
        },
        {
          "type": "cssRules",
          "assetId": "iO-P49_GXCxkGL",
          "checksum": "036af9e39989ab02f7a06bfdc442902b"
        },
        {
          "type": "icon",
          "assetId": "4wxKOQGxBYx0ok",
          "checksum": "e0e17801a868991177bf728ba22b966b"
        },
        {
          "type": "icon",
          "assetId": "NoUqWYFVtn9n26",
          "checksum": "041543ec869b8ac780bbc722faf6d9a7"
        },
        {
          "type": "icon",
          "assetId": "pp2sGqvmlCw8Lb",
          "checksum": "41d61ebc21a760faa9f311e60ed7cb27"
        },
        {
          "type": "icon",
          "assetId": "h6euZa2oyRB1Th",
          "checksum": "6bd326866d7ff0c54583bf55ab1967d3"
        },
        {
          "type": "icon",
          "assetId": "8VlrBX2Y1HfDp0",
          "checksum": "ca118fed1431b477297f8a1846347a01"
        },
        {
          "type": "icon",
          "assetId": "707JcbrhpFpUQS",
          "checksum": "fcb5d1726de9ef2dba139f4ef61f388e"
        },
        {
          "type": "icon",
          "assetId": "yXdXvyIR3d-s2O",
          "checksum": "b6ea72e9bd12e6bff347e1c01d61570b"
        },
        {
          "type": "icon",
          "assetId": "kT3htSxeHayGFN",
          "checksum": "8450a60f15f3b59ea523f643c4002dac"
        },
        {
          "type": "icon",
          "assetId": "wAbOYph6LqFl8P",
          "checksum": "5403b7ad4d301f87054d5090c354e836"
        },
        {
          "type": "icon",
          "assetId": "pvt2rVTpL0Ueya",
          "checksum": "454eb81cdbffd8f4f71e252f777d7a1f"
        },
        {
          "type": "icon",
          "assetId": "CwZ2gYE68pc98p",
          "checksum": "d543a71506950a7896ed4a82157cb9f4"
        },
        {
          "type": "icon",
          "assetId": "q09YEyK2LNSDlc",
          "checksum": "e7dce36ba8d52c5a76f33bed768d686c"
        },
        {
          "type": "icon",
          "assetId": "1nDGjKxF3QZ70T",
          "checksum": "6ba5ff603f252d44822757e661f89581"
        },
        {
          "type": "icon",
          "assetId": "6iXBgON4aAM04B",
          "checksum": "2c7937e29adc564f1e0fae1af4de608d"
        },
        {
          "type": "icon",
          "assetId": "0TE9FkobM9NdRS",
          "checksum": "97a1864cc564d400177d8a214f158358"
        },
        {
          "type": "icon",
          "assetId": "z6Kf7Oh3bHVi-y",
          "checksum": "c8b94b0ee28b1994aa3b0b5d44a35416"
        },
        {
          "type": "icon",
          "assetId": "xS4NSiV83PGJ5N",
          "checksum": "4157251921b59bfe0d5b2192fd0b131e"
        },
        {
          "type": "icon",
          "assetId": "Nl282Ef6nqk9P4",
          "checksum": "53768573bc2f2a8067d835d92a4820e1"
        },
        {
          "type": "icon",
          "assetId": "RPzqV3Lk86nie6",
          "checksum": "eadde562caea8a5615a8d544d1ba1a6f"
        },
        {
          "type": "icon",
          "assetId": "0v2hQIIXuTUkbp",
          "checksum": "59c9a93fb95c64b4a2f83f98d124aa34"
        },
        {
          "type": "image",
          "assetId": "mch6o8PCapPMOc",
          "checksum": "276ffeb725d73f574354c7069fd696a3"
        },
        {
          "type": "image",
          "assetId": "lYGpxyTfRh8mi2",
          "checksum": "f65568e8c0762033d042c6bdd0abf52c"
        },
        {
          "type": "image",
          "assetId": "qp7gFd-xKZDOQl",
          "checksum": "35d0c8f2cc3697c1e55aa88354b4b855"
        },
        {
          "type": "image",
          "assetId": "jNxZhaGBAMwi-d",
          "checksum": "7716e83b23fdb69a3ff7fbb238627585"
        }
      ]
    }
  ],
  "cliVersion": "0.1.157"
}
